
Microsoft Visual Studio Solution File, Format Version 12.00
# Visual Studio Version 16
VisualStudioVersion = 16.0.29424.173
MinimumVisualStudioVersion = 10.0.40219.1
Project("{FAE04EC0-301F-11D3-BF4B-00C04F79EFBC}") = "IMDB", "IMDB\IMDB.csproj", "{42AED836-7454-43E9-A48F-E191DDD298CF}"
EndProject
Global
	GlobalSection(SolutionConfigurationPlatforms) = preSolution
		Debug|Any CPU = Debug|Any CPU
		Release|Any CPU = Release|Any CPU
	EndGlobalSection
	GlobalSection(ProjectConfigurationPlatforms) = postSolution
		{42AED836-7454-43E9-A48F-E191DDD298CF}.Debug|Any CPU.ActiveCfg = Debug|Any CPU
		{42AED836-7454-43E9-A48F-E191DDD298CF}.Debug|Any CPU.Build.0 = Debug|Any CPU
		{42AED836-7454-43E9-A48F-E191DDD298CF}.Release|Any CPU.ActiveCfg = Release|Any CPU
		{42AED836-7454-43E9-A48F-E191DDD298CF}.Release|Any CPU.Build.0 = Release|Any CPU
	EndGlobalSection
	GlobalSection(SolutionProperties) = preSolution
		HideSolutionNode = FALSE
	EndGlobalSection
	GlobalSection(ExtensibilityGlobals) = postSolution
		SolutionGuid = {75CE6745-1358-4649-BB39-6D546E761964}
	EndGlobalSection
EndGlobal
