
Microsoft Visual Studio Solution File, Format Version 12.00
# Visual Studio Version 16
VisualStudioVersion = 16.0.29424.173
MinimumVisualStudioVersion = 10.0.40219.1
Project("{FAE04EC0-301F-11D3-BF4B-00C04F79EFBC}") = "presentation tier", "imdb\presentation tier.csproj", "{09A031D1-B7D1-4F4E-A0DC-EDD0E0B886A8}"
EndProject
Project("{FAE04EC0-301F-11D3-BF4B-00C04F79EFBC}") = "DAL", "DAL\DAL.csproj", "{3A3D7873-2735-43B0-86D1-0900F93854DA}"
EndProject
Global
	GlobalSection(SolutionConfigurationPlatforms) = preSolution
		Debug|Any CPU = Debug|Any CPU
		Release|Any CPU = Release|Any CPU
	EndGlobalSection
	GlobalSection(ProjectConfigurationPlatforms) = postSolution
		{09A031D1-B7D1-4F4E-A0DC-EDD0E0B886A8}.Debug|Any CPU.ActiveCfg = Debug|Any CPU
		{09A031D1-B7D1-4F4E-A0DC-EDD0E0B886A8}.Debug|Any CPU.Build.0 = Debug|Any CPU
		{09A031D1-B7D1-4F4E-A0DC-EDD0E0B886A8}.Release|Any CPU.ActiveCfg = Release|Any CPU
		{09A031D1-B7D1-4F4E-A0DC-EDD0E0B886A8}.Release|Any CPU.Build.0 = Release|Any CPU
		{3A3D7873-2735-43B0-86D1-0900F93854DA}.Debug|Any CPU.ActiveCfg = Debug|Any CPU
		{3A3D7873-2735-43B0-86D1-0900F93854DA}.Debug|Any CPU.Build.0 = Debug|Any CPU
		{3A3D7873-2735-43B0-86D1-0900F93854DA}.Release|Any CPU.ActiveCfg = Release|Any CPU
		{3A3D7873-2735-43B0-86D1-0900F93854DA}.Release|Any CPU.Build.0 = Release|Any CPU
	EndGlobalSection
	GlobalSection(SolutionProperties) = preSolution
		HideSolutionNode = FALSE
	EndGlobalSection
	GlobalSection(ExtensibilityGlobals) = postSolution
		SolutionGuid = {BA60456B-7A38-4554-A0D0-8D4FD9B7B3D4}
	EndGlobalSection
EndGlobal
